
Microsoft Visual Studio Solution File, Format Version 12.00
# Visual Studio Version 16
VisualStudioVersion = 16.0.33130.400
MinimumVisualStudioVersion = 10.0.40219.1
Project("{FAE04EC0-301F-11D3-BF4B-00C04F79EFBC}") = "opencv_csharp_wpf", "opencv_csharp_wpf.csproj", "{BAFCAF6E-2B44-4275-AC98-5BE3637A935F}"
EndProject
Global
	GlobalSection(SolutionConfigurationPlatforms) = preSolution
		Debug|Any CPU = Debug|Any CPU
		Release|Any CPU = Release|Any CPU
	EndGlobalSection
	GlobalSection(ProjectConfigurationPlatforms) = postSolution
		{BAFCAF6E-2B44-4275-AC98-5BE3637A935F}.Debug|Any CPU.ActiveCfg = Debug|Any CPU
		{BAFCAF6E-2B44-4275-AC98-5BE3637A935F}.Debug|Any CPU.Build.0 = Debug|Any CPU
		{BAFCAF6E-2B44-4275-AC98-5BE3637A935F}.Release|Any CPU.ActiveCfg = Release|Any CPU
		{BAFCAF6E-2B44-4275-AC98-5BE3637A935F}.Release|Any CPU.Build.0 = Release|Any CPU
	EndGlobalSection
	GlobalSection(SolutionProperties) = preSolution
		HideSolutionNode = FALSE
	EndGlobalSection
	GlobalSection(ExtensibilityGlobals) = postSolution
		SolutionGuid = {72BF744E-2363-4E12-98B4-EE59F79DE9A6}
	EndGlobalSection
EndGlobal
